
Microsoft Visual Studio Solution File, Format Version 12.00
# Visual Studio Version 16
VisualStudioVersion = 16.0.34729.46
MinimumVisualStudioVersion = 10.0.40219.1
Project("{8BC9CEB8-8B4A-11D0-8D11-00A0C91BC942}") = "c_compiler", "c_compiler\c_compiler.vcxproj", "{7751E376-0566-4661-BEB7-6829F6EF5000}"
EndProject
Global
	GlobalSection(SolutionConfigurationPlatforms) = preSolution
		Debug|x64 = Debug|x64
		Debug|x86 = Debug|x86
		Release|x64 = Release|x64
		Release|x86 = Release|x86
	EndGlobalSection
	GlobalSection(ProjectConfigurationPlatforms) = postSolution
		{7751E376-0566-4661-BEB7-6829F6EF5000}.Debug|x64.ActiveCfg = Debug|x64
		{7751E376-0566-4661-BEB7-6829F6EF5000}.Debug|x64.Build.0 = Debug|x64
		{7751E376-0566-4661-BEB7-6829F6EF5000}.Debug|x86.ActiveCfg = Debug|Win32
		{7751E376-0566-4661-BEB7-6829F6EF5000}.Debug|x86.Build.0 = Debug|Win32
		{7751E376-0566-4661-BEB7-6829F6EF5000}.Release|x64.ActiveCfg = Release|x64
		{7751E376-0566-4661-BEB7-6829F6EF5000}.Release|x64.Build.0 = Release|x64
		{7751E376-0566-4661-BEB7-6829F6EF5000}.Release|x86.ActiveCfg = Release|Win32
		{7751E376-0566-4661-BEB7-6829F6EF5000}.Release|x86.Build.0 = Release|Win32
	EndGlobalSection
	GlobalSection(SolutionProperties) = preSolution
		HideSolutionNode = FALSE
	EndGlobalSection
	GlobalSection(ExtensibilityGlobals) = postSolution
		SolutionGuid = {F7FE7546-0AC1-467B-B52F-EE4616170658}
	EndGlobalSection
EndGlobal
